
Microsoft Visual Studio Solution File, Format Version 12.00
# Visual Studio Version 17
VisualStudioVersion = 17.9.34728.123
MinimumVisualStudioVersion = 10.0.40219.1
Project("{8BC9CEB8-8B4A-11D0-8D11-00A0C91BC942}") = "RubinKarp", "RubinKarp\RubinKarp.vcxproj", "{CB32F435-152D-4325-AD53-AF3D77ADA9DE}"
EndProject
Global
	GlobalSection(SolutionConfigurationPlatforms) = preSolution
		Debug|x64 = Debug|x64
		Debug|x86 = Debug|x86
		Release|x64 = Release|x64
		Release|x86 = Release|x86
	EndGlobalSection
	GlobalSection(ProjectConfigurationPlatforms) = postSolution
		{CB32F435-152D-4325-AD53-AF3D77ADA9DE}.Debug|x64.ActiveCfg = Debug|x64
		{CB32F435-152D-4325-AD53-AF3D77ADA9DE}.Debug|x64.Build.0 = Debug|x64
		{CB32F435-152D-4325-AD53-AF3D77ADA9DE}.Debug|x86.ActiveCfg = Debug|Win32
		{CB32F435-152D-4325-AD53-AF3D77ADA9DE}.Debug|x86.Build.0 = Debug|Win32
		{CB32F435-152D-4325-AD53-AF3D77ADA9DE}.Release|x64.ActiveCfg = Release|x64
		{CB32F435-152D-4325-AD53-AF3D77ADA9DE}.Release|x64.Build.0 = Release|x64
		{CB32F435-152D-4325-AD53-AF3D77ADA9DE}.Release|x86.ActiveCfg = Release|Win32
		{CB32F435-152D-4325-AD53-AF3D77ADA9DE}.Release|x86.Build.0 = Release|Win32
	EndGlobalSection
	GlobalSection(SolutionProperties) = preSolution
		HideSolutionNode = FALSE
	EndGlobalSection
	GlobalSection(ExtensibilityGlobals) = postSolution
		SolutionGuid = {3F8F5EA4-36F0-4B7E-9F17-77979AF59449}
	EndGlobalSection
EndGlobal
